
Microsoft Visual Studio Solution File, Format Version 12.00
# Visual Studio Version 17
VisualStudioVersion = 17.4.33403.182
MinimumVisualStudioVersion = 10.0.40219.1
Project("{9A19103F-16F7-4668-BE54-9A1E7A4F7556}") = "MyFrontEnd", "MyFrontEnd\MyFrontEnd.csproj", "{03E88435-F223-4268-BCF3-50E3A2EFE29D}"
EndProject
Project("{9A19103F-16F7-4668-BE54-9A1E7A4F7556}") = "MyBackEnd", "MyBackEnd\MyBackEnd.csproj", "{2025016D-9367-4472-9A48-839DECA9297B}"
EndProject
Project("{E53339B2-1760-4266-BCC7-CA923CBCF16C}") = "docker-compose", "docker-compose.dcproj", "{EF1B481C-5A0C-4730-A1B8-10360A8724AF}"
EndProject
Project("{2150E333-8FDC-42A3-9474-1A3956D46DE8}") = "dapr", "dapr", "{D2AF82D1-A147-4457-A343-8F51F19D3AC2}"
	ProjectSection(SolutionItems) = preProject
		dapr\dapr-config.yaml = dapr\dapr-config.yaml
	EndProjectSection
EndProject
Project("{2150E333-8FDC-42A3-9474-1A3956D46DE8}") = "components", "components", "{3ABA02AB-2AD5-4B93-B203-2A46A887570D}"
	ProjectSection(SolutionItems) = preProject
		dapr\components\statestore.yaml = dapr\components\statestore.yaml
	EndProjectSection
EndProject
Project("{2150E333-8FDC-42A3-9474-1A3956D46DE8}") = "Envoy", "Envoy", "{7083BD91-49EF-4A0F-84F8-CC9B02D2D4F0}"
	ProjectSection(SolutionItems) = preProject
		Envoy\Dockerfile = Envoy\Dockerfile
		Envoy\envoy.yaml = Envoy\envoy.yaml
	EndProjectSection
EndProject
Project("{2150E333-8FDC-42A3-9474-1A3956D46DE8}") = "Nginx", "Nginx", "{EE229D32-69DE-4C13-994F-D630E50CDED6}"
	ProjectSection(SolutionItems) = preProject
		Nginx\Dockerfile = Nginx\Dockerfile
		Nginx\nginx.conf = Nginx\nginx.conf
	EndProjectSection
EndProject
Global
	GlobalSection(SolutionConfigurationPlatforms) = preSolution
		Debug|Any CPU = Debug|Any CPU
		Release|Any CPU = Release|Any CPU
	EndGlobalSection
	GlobalSection(ProjectConfigurationPlatforms) = postSolution
		{03E88435-F223-4268-BCF3-50E3A2EFE29D}.Debug|Any CPU.ActiveCfg = Debug|Any CPU
		{03E88435-F223-4268-BCF3-50E3A2EFE29D}.Debug|Any CPU.Build.0 = Debug|Any CPU
		{03E88435-F223-4268-BCF3-50E3A2EFE29D}.Release|Any CPU.ActiveCfg = Release|Any CPU
		{03E88435-F223-4268-BCF3-50E3A2EFE29D}.Release|Any CPU.Build.0 = Release|Any CPU
		{2025016D-9367-4472-9A48-839DECA9297B}.Debug|Any CPU.ActiveCfg = Debug|Any CPU
		{2025016D-9367-4472-9A48-839DECA9297B}.Debug|Any CPU.Build.0 = Debug|Any CPU
		{2025016D-9367-4472-9A48-839DECA9297B}.Release|Any CPU.ActiveCfg = Release|Any CPU
		{2025016D-9367-4472-9A48-839DECA9297B}.Release|Any CPU.Build.0 = Release|Any CPU
		{EF1B481C-5A0C-4730-A1B8-10360A8724AF}.Debug|Any CPU.ActiveCfg = Debug|Any CPU
		{EF1B481C-5A0C-4730-A1B8-10360A8724AF}.Debug|Any CPU.Build.0 = Debug|Any CPU
		{EF1B481C-5A0C-4730-A1B8-10360A8724AF}.Release|Any CPU.ActiveCfg = Release|Any CPU
		{EF1B481C-5A0C-4730-A1B8-10360A8724AF}.Release|Any CPU.Build.0 = Release|Any CPU
	EndGlobalSection
	GlobalSection(SolutionProperties) = preSolution
		HideSolutionNode = FALSE
	EndGlobalSection
	GlobalSection(NestedProjects) = preSolution
		{3ABA02AB-2AD5-4B93-B203-2A46A887570D} = {D2AF82D1-A147-4457-A343-8F51F19D3AC2}
	EndGlobalSection
	GlobalSection(ExtensibilityGlobals) = postSolution
		SolutionGuid = {B4513E67-AA25-4C80-86BC-F0C5BB4A858B}
	EndGlobalSection
EndGlobal
